
Microsoft Visual Studio Solution File, Format Version 12.00
# Visual Studio Version 16
VisualStudioVersion = 16.0.30114.105
MinimumVisualStudioVersion = 10.0.40219.1
Project("{FAE04EC0-301F-11D3-BF4B-00C04F79EFBC}") = "WpfApp3", "WpfApp3\WpfApp3.csproj", "{F90E118F-949B-4F69-9787-03CBD8C46287}"
EndProject
Global
	GlobalSection(SolutionConfigurationPlatforms) = preSolution
		Debug|Any CPU = Debug|Any CPU
		Release|Any CPU = Release|Any CPU
	EndGlobalSection
	GlobalSection(ProjectConfigurationPlatforms) = postSolution
		{F90E118F-949B-4F69-9787-03CBD8C46287}.Debug|Any CPU.ActiveCfg = Debug|Any CPU
		{F90E118F-949B-4F69-9787-03CBD8C46287}.Debug|Any CPU.Build.0 = Debug|Any CPU
		{F90E118F-949B-4F69-9787-03CBD8C46287}.Release|Any CPU.ActiveCfg = Release|Any CPU
		{F90E118F-949B-4F69-9787-03CBD8C46287}.Release|Any CPU.Build.0 = Release|Any CPU
	EndGlobalSection
	GlobalSection(SolutionProperties) = preSolution
		HideSolutionNode = FALSE
	EndGlobalSection
	GlobalSection(ExtensibilityGlobals) = postSolution
		SolutionGuid = {1017F189-5724-4C81-A087-32FC7799EFB5}
	EndGlobalSection
EndGlobal
