
Microsoft Visual Studio Solution File, Format Version 12.00
# Visual Studio Version 16
VisualStudioVersion = 16.0.31402.337
MinimumVisualStudioVersion = 10.0.40219.1
Project("{FAE04EC0-301F-11D3-BF4B-00C04F79EFBC}") = "CoreLib", "CoreLib\CoreLib.csproj", "{921EB6F9-388F-4966-BFED-DE73663BFF7E}"
EndProject
Project("{FAE04EC0-301F-11D3-BF4B-00C04F79EFBC}") = "CoreLibTests", "CoreLibTests\CoreLibTests.csproj", "{3ACB5C29-545F-419E-853B-07ED5687E5B6}"
EndProject
Global
	GlobalSection(SolutionConfigurationPlatforms) = preSolution
		Debug|Any CPU = Debug|Any CPU
		Release|Any CPU = Release|Any CPU
	EndGlobalSection
	GlobalSection(ProjectConfigurationPlatforms) = postSolution
		{921EB6F9-388F-4966-BFED-DE73663BFF7E}.Debug|Any CPU.ActiveCfg = Debug|Any CPU
		{921EB6F9-388F-4966-BFED-DE73663BFF7E}.Debug|Any CPU.Build.0 = Debug|Any CPU
		{921EB6F9-388F-4966-BFED-DE73663BFF7E}.Release|Any CPU.ActiveCfg = Release|Any CPU
		{921EB6F9-388F-4966-BFED-DE73663BFF7E}.Release|Any CPU.Build.0 = Release|Any CPU
		{3ACB5C29-545F-419E-853B-07ED5687E5B6}.Debug|Any CPU.ActiveCfg = Debug|Any CPU
		{3ACB5C29-545F-419E-853B-07ED5687E5B6}.Debug|Any CPU.Build.0 = Debug|Any CPU
		{3ACB5C29-545F-419E-853B-07ED5687E5B6}.Release|Any CPU.ActiveCfg = Release|Any CPU
		{3ACB5C29-545F-419E-853B-07ED5687E5B6}.Release|Any CPU.Build.0 = Release|Any CPU
	EndGlobalSection
	GlobalSection(SolutionProperties) = preSolution
		HideSolutionNode = FALSE
	EndGlobalSection
	GlobalSection(ExtensibilityGlobals) = postSolution
		SolutionGuid = {1FE5D289-FCA9-416C-B6E6-1212789825AE}
	EndGlobalSection
EndGlobal
